// !$*UTF8*$!
{
	archiveVersion = 1;
	classes = {
	};
	objectVersion = 55;
	objects = {

/* Begin PBXBuildFile section */
		8197F1D5280DBCCB00E81151 /* DiceRollingApp.swift in Sources */ = {isa = PBXBuildFile; fileRef = 8197F1D4280DBCCB00E81151 /* DiceRollingApp.swift */; };
		8197F1D9280DBCCD00E81151 /* Assets.xcassets in Resources */ = {isa = PBXBuildFile; fileRef = 8197F1D8280DBCCD00E81151 /* Assets.xcassets */; };
		8197F1DC280DBCCD00E81151 /* Preview Assets.xcassets in Resources */ = {isa = PBXBuildFile; fileRef = 8197F1DB280DBCCD00E81151 /* Preview Assets.xcassets */; };
		8197F1E4280DBDA200E81151 /* DiceView.swift in Sources */ = {isa = PBXBuildFile; fileRef = 8197F1E3280DBDA200E81151 /* DiceView.swift */; };
		8197F1EB280EFD3B00E81151 /* Test.swift in Sources */ = {isa = PBXBuildFile; fileRef = 8197F1EA280EFD3B00E81151 /* Test.swift */; };
		8197F1EF2810849A00E81151 /* DiceSideView.swift in Sources */ = {isa = PBXBuildFile; fileRef = 8197F1EE2810849A00E81151 /* DiceSideView.swift */; };
		8197F1F82810BB5000E81151 /* DiceSide.swift in Sources */ = {isa = PBXBuildFile; fileRef = 8197F1F72810BB5000E81151 /* DiceSide.swift */; };
		8197F1FA2810D2F500E81151 /* diceMovementTest.swift in Sources */ = {isa = PBXBuildFile; fileRef = 8197F1F92810D2F500E81151 /* diceMovementTest.swift */; };
		8197F1FD281319E900E81151 /* ShapeStyle.swift in Sources */ = {isa = PBXBuildFile; fileRef = 8197F1FC281319E900E81151 /* ShapeStyle.swift */; };
		8197F2032814A58B00E81151 /* ContentView.swift in Sources */ = {isa = PBXBuildFile; fileRef = 8197F2022814A58B00E81151 /* ContentView.swift */; };
		8197F2062814A7E700E81151 /* ViewModel.swift in Sources */ = {isa = PBXBuildFile; fileRef = 8197F2052814A7E600E81151 /* ViewModel.swift */; };
		8197F2092814A84D00E81151 /* SettingsView.swift in Sources */ = {isa = PBXBuildFile; fileRef = 8197F2082814A84D00E81151 /* SettingsView.swift */; };
		81BB22C82815AE8E00F4D6B3 /* HistoryView.swift in Sources */ = {isa = PBXBuildFile; fileRef = 81BB22C72815AE8E00F4D6B3 /* HistoryView.swift */; };
		81BB22CA2815B67E00F4D6B3 /* MenuExample.swift in Sources */ = {isa = PBXBuildFile; fileRef = 81BB22C92815B67E00F4D6B3 /* MenuExample.swift */; };
		81BB22CD2815B90400F4D6B3 /* User.swift in Sources */ = {isa = PBXBuildFile; fileRef = 81BB22CC2815B90400F4D6B3 /* User.swift */; };
/* End PBXBuildFile section */

/* Begin PBXFileReference section */
		8197F1D1280DBCCB00E81151 /* DiceRolling.app */ = {isa = PBXFileReference; explicitFileType = wrapper.application; includeInIndex = 0; path = DiceRolling.app; sourceTree = BUILT_PRODUCTS_DIR; };
		8197F1D4280DBCCB00E81151 /* DiceRollingApp.swift */ = {isa = PBXFileReference; lastKnownFileType = sourcecode.swift; path = DiceRollingApp.swift; sourceTree = "<group>"; };
		8197F1D8280DBCCD00E81151 /* Assets.xcassets */ = {isa = PBXFileReference; lastKnownFileType = folder.assetcatalog; path = Assets.xcassets; sourceTree = "<group>"; };
		8197F1DB280DBCCD00E81151 /* Preview Assets.xcassets */ = {isa = PBXFileReference; lastKnownFileType = folder.assetcatalog; path = "Preview Assets.xcassets"; sourceTree = "<group>"; };
		8197F1E3280DBDA200E81151 /* DiceView.swift */ = {isa = PBXFileReference; lastKnownFileType = sourcecode.swift; path = DiceView.swift; sourceTree = "<group>"; };
		8197F1EA280EFD3B00E81151 /* Test.swift */ = {isa = PBXFileReference; lastKnownFileType = sourcecode.swift; path = Test.swift; sourceTree = "<group>"; };
		8197F1EE2810849A00E81151 /* DiceSideView.swift */ = {isa = PBXFileReference; lastKnownFileType = sourcecode.swift; path = DiceSideView.swift; sourceTree = "<group>"; };
		8197F1F72810BB5000E81151 /* DiceSide.swift */ = {isa = PBXFileReference; lastKnownFileType = sourcecode.swift; path = DiceSide.swift; sourceTree = "<group>"; };
		8197F1F92810D2F500E81151 /* diceMovementTest.swift */ = {isa = PBXFileReference; lastKnownFileType = sourcecode.swift; path = diceMovementTest.swift; sourceTree = "<group>"; };
		8197F1FC281319E900E81151 /* ShapeStyle.swift */ = {isa = PBXFileReference; lastKnownFileType = sourcecode.swift; path = ShapeStyle.swift; sourceTree = "<group>"; };
		8197F2022814A58B00E81151 /* ContentView.swift */ = {isa = PBXFileReference; lastKnownFileType = sourcecode.swift; path = ContentView.swift; sourceTree = "<group>"; };
		8197F2052814A7E600E81151 /* ViewModel.swift */ = {isa = PBXFileReference; lastKnownFileType = sourcecode.swift; path = ViewModel.swift; sourceTree = "<group>"; };
		8197F2082814A84D00E81151 /* SettingsView.swift */ = {isa = PBXFileReference; lastKnownFileType = sourcecode.swift; path = SettingsView.swift; sourceTree = "<group>"; };
		81BB22C72815AE8E00F4D6B3 /* HistoryView.swift */ = {isa = PBXFileReference; lastKnownFileType = sourcecode.swift; path = HistoryView.swift; sourceTree = "<group>"; };
		81BB22C92815B67E00F4D6B3 /* MenuExample.swift */ = {isa = PBXFileReference; lastKnownFileType = sourcecode.swift; path = MenuExample.swift; sourceTree = "<group>"; };
		81BB22CC2815B90400F4D6B3 /* User.swift */ = {isa = PBXFileReference; lastKnownFileType = sourcecode.swift; path = User.swift; sourceTree = "<group>"; };
/* End PBXFileReference section */

/* Begin PBXFrameworksBuildPhase section */
		8197F1CE280DBCCB00E81151 /* Frameworks */ = {
			isa = PBXFrameworksBuildPhase;
			buildActionMask = 2147483647;
			files = (
			);
			runOnlyForDeploymentPostprocessing = 0;
		};
/* End PBXFrameworksBuildPhase section */

/* Begin PBXGroup section */
		8197F1C8280DBCCB00E81151 = {
			isa = PBXGroup;
			children = (
				8197F1D3280DBCCB00E81151 /* DiceRolling */,
				8197F1D2280DBCCB00E81151 /* Products */,
			);
			sourceTree = "<group>";
		};
		8197F1D2280DBCCB00E81151 /* Products */ = {
			isa = PBXGroup;
			children = (
				8197F1D1280DBCCB00E81151 /* DiceRolling.app */,
			);
			name = Products;
			sourceTree = "<group>";
		};
		8197F1D3280DBCCB00E81151 /* DiceRolling */ = {
			isa = PBXGroup;
			children = (
				8197F1D4280DBCCB00E81151 /* DiceRollingApp.swift */,
				8197F1FB281319DE00E81151 /* Extensions */,
				81BB22CB2815B8E700F4D6B3 /* Model */,
				8197F2042814A7B900E81151 /* ViewModel */,
				8197F2002814A53200E81151 /* Core */,
				8197F1E7280EFB5300E81151 /* Tests */,
				8197F1D8280DBCCD00E81151 /* Assets.xcassets */,
				8197F1DA280DBCCD00E81151 /* Preview Content */,
			);
			path = DiceRolling;
			sourceTree = "<group>";
		};
		8197F1DA280DBCCD00E81151 /* Preview Content */ = {
			isa = PBXGroup;
			children = (
				8197F1DB280DBCCD00E81151 /* Preview Assets.xcassets */,
			);
			path = "Preview Content";
			sourceTree = "<group>";
		};
		8197F1E7280EFB5300E81151 /* Tests */ = {
			isa = PBXGroup;
			children = (
				8197F1EA280EFD3B00E81151 /* Test.swift */,
				8197F1F92810D2F500E81151 /* diceMovementTest.swift */,
				81BB22C92815B67E00F4D6B3 /* MenuExample.swift */,
			);
			path = Tests;
			sourceTree = "<group>";
		};
		8197F1F32810BA4B00E81151 /* Dice */ = {
			isa = PBXGroup;
			children = (
				8197F1FF2814A49800E81151 /* Model */,
				8197F1FE2814A48800E81151 /* Views */,
			);
			path = Dice;
			sourceTree = "<group>";
		};
		8197F1FB281319DE00E81151 /* Extensions */ = {
			isa = PBXGroup;
			children = (
				8197F1FC281319E900E81151 /* ShapeStyle.swift */,
			);
			path = Extensions;
			sourceTree = "<group>";
		};
		8197F1FE2814A48800E81151 /* Views */ = {
			isa = PBXGroup;
			children = (
				8197F1E3280DBDA200E81151 /* DiceView.swift */,
				8197F1EE2810849A00E81151 /* DiceSideView.swift */,
			);
			path = Views;
			sourceTree = "<group>";
		};
		8197F1FF2814A49800E81151 /* Model */ = {
			isa = PBXGroup;
			children = (
				8197F1F72810BB5000E81151 /* DiceSide.swift */,
			);
			path = Model;
			sourceTree = "<group>";
		};
		8197F2002814A53200E81151 /* Core */ = {
			isa = PBXGroup;
			children = (
				8197F2022814A58B00E81151 /* ContentView.swift */,
				81BB22C62815AE7F00F4D6B3 /* History */,
				8197F2072814A83400E81151 /* Settings */,
				8197F1F32810BA4B00E81151 /* Dice */,
			);
			path = Core;
			sourceTree = "<group>";
		};
		8197F2042814A7B900E81151 /* ViewModel */ = {
			isa = PBXGroup;
			children = (
				8197F2052814A7E600E81151 /* ViewModel.swift */,
			);
			path = ViewModel;
			sourceTree = "<group>";
		};
		8197F2072814A83400E81151 /* Settings */ = {
			isa = PBXGroup;
			children = (
				8197F2082814A84D00E81151 /* SettingsView.swift */,
			);
			path = Settings;
			sourceTree = "<group>";
		};
		81BB22C62815AE7F00F4D6B3 /* History */ = {
			isa = PBXGroup;
			children = (
				81BB22C72815AE8E00F4D6B3 /* HistoryView.swift */,
			);
			path = History;
			sourceTree = "<group>";
		};
		81BB22CB2815B8E700F4D6B3 /* Model */ = {
			isa = PBXGroup;
			children = (
				81BB22CC2815B90400F4D6B3 /* User.swift */,
			);
			path = Model;
			sourceTree = "<group>";
		};
/* End PBXGroup section */

/* Begin PBXNativeTarget section */
		8197F1D0280DBCCB00E81151 /* DiceRolling */ = {
			isa = PBXNativeTarget;
			buildConfigurationList = 8197F1DF280DBCCD00E81151 /* Build configuration list for PBXNativeTarget "DiceRolling" */;
			buildPhases = (
				8197F1CD280DBCCB00E81151 /* Sources */,
				8197F1CE280DBCCB00E81151 /* Frameworks */,
				8197F1CF280DBCCB00E81151 /* Resources */,
			);
			buildRules = (
			);
			dependencies = (
			);
			name = DiceRolling;
			productName = DiceRolling;
			productReference = 8197F1D1280DBCCB00E81151 /* DiceRolling.app */;
			productType = "com.apple.product-type.application";
		};
/* End PBXNativeTarget section */

/* Begin PBXProject section */
		8197F1C9280DBCCB00E81151 /* Project object */ = {
			isa = PBXProject;
			attributes = {
				BuildIndependentTargetsInParallel = 1;
				LastSwiftUpdateCheck = 1330;
				LastUpgradeCheck = 1330;
				TargetAttributes = {
					8197F1D0280DBCCB00E81151 = {
						CreatedOnToolsVersion = 13.3.1;
					};
				};
			};
			buildConfigurationList = 8197F1CC280DBCCB00E81151 /* Build configuration list for PBXProject "DiceRolling" */;
			compatibilityVersion = "Xcode 13.0";
			developmentRegion = en;
			hasScannedForEncodings = 0;
			knownRegions = (
				en,
				Base,
			);
			mainGroup = 8197F1C8280DBCCB00E81151;
			productRefGroup = 8197F1D2280DBCCB00E81151 /* Products */;
			projectDirPath = "";
			projectRoot = "";
			targets = (
				8197F1D0280DBCCB00E81151 /* DiceRolling */,
			);
		};
/* End PBXProject section */

/* Begin PBXResourcesBuildPhase section */
		8197F1CF280DBCCB00E81151 /* Resources */ = {
			isa = PBXResourcesBuildPhase;
			buildActionMask = 2147483647;
			files = (
				8197F1DC280DBCCD00E81151 /* Preview Assets.xcassets in Resources */,
				8197F1D9280DBCCD00E81151 /* Assets.xcassets in Resources */,
			);
			runOnlyForDeploymentPostprocessing = 0;
		};
/* End PBXResourcesBuildPhase section */

/* Begin PBXSourcesBuildPhase section */
		8197F1CD280DBCCB00E81151 /* Sources */ = {
			isa = PBXSourcesBuildPhase;
			buildActionMask = 2147483647;
			files = (
				81BB22CD2815B90400F4D6B3 /* User.swift in Sources */,
				8197F2062814A7E700E81151 /* ViewModel.swift in Sources */,
				8197F2032814A58B00E81151 /* ContentView.swift in Sources */,
				8197F1F82810BB5000E81151 /* DiceSide.swift in Sources */,
				8197F1FA2810D2F500E81151 /* diceMovementTest.swift in Sources */,
				8197F1EF2810849A00E81151 /* DiceSideView.swift in Sources */,
				81BB22CA2815B67E00F4D6B3 /* MenuExample.swift in Sources */,
				81BB22C82815AE8E00F4D6B3 /* HistoryView.swift in Sources */,
				8197F1E4280DBDA200E81151 /* DiceView.swift in Sources */,
				8197F1FD281319E900E81151 /* ShapeStyle.swift in Sources */,
				8197F1D5280DBCCB00E81151 /* DiceRollingApp.swift in Sources */,
				8197F1EB280EFD3B00E81151 /* Test.swift in Sources */,
				8197F2092814A84D00E81151 /* SettingsView.swift in Sources */,
			);
			runOnlyForDeploymentPostprocessing = 0;
		};
/* End PBXSourcesBuildPhase section */

/* Begin XCBuildConfiguration section */
		8197F1DD280DBCCD00E81151 /* Debug */ = {
			isa = XCBuildConfiguration;
			buildSettings = {
				ALWAYS_SEARCH_USER_PATHS = NO;
				CLANG_ANALYZER_NONNULL = YES;
				CLANG_ANALYZER_NUMBER_OBJECT_CONVERSION = YES_AGGRESSIVE;
				CLANG_CXX_LANGUAGE_STANDARD = "gnu++17";
				CLANG_ENABLE_MODULES = YES;
				CLANG_ENABLE_OBJC_ARC = YES;
				CLANG_ENABLE_OBJC_WEAK = YES;
				CLANG_WARN_BLOCK_CAPTURE_AUTORELEASING = YES;
				CLANG_WARN_BOOL_CONVERSION = YES;
				CLANG_WARN_COMMA = YES;
				CLANG_WARN_CONSTANT_CONVERSION = YES;
				CLANG_WARN_DEPRECATED_OBJC_IMPLEMENTATIONS = YES;
				CLANG_WARN_DIRECT_OBJC_ISA_USAGE = YES_ERROR;
				CLANG_WARN_DOCUMENTATION_COMMENTS = YES;
				CLANG_WARN_EMPTY_BODY = YES;
				CLANG_WARN_ENUM_CONVERSION = YES;
				CLANG_WARN_INFINITE_RECURSION = YES;
				CLANG_WARN_INT_CONVERSION = YES;
				CLANG_WARN_NON_LITERAL_NULL_CONVERSION = YES;
				CLANG_WARN_OBJC_IMPLICIT_RETAIN_SELF = YES;
				CLANG_WARN_OBJC_LITERAL_CONVERSION = YES;
				CLANG_WARN_OBJC_ROOT_CLASS = YES_ERROR;
				CLANG_WARN_QUOTED_INCLUDE_IN_FRAMEWORK_HEADER = YES;
				CLANG_WARN_RANGE_LOOP_ANALYSIS = YES;
				CLANG_WARN_STRICT_PROTOTYPES = YES;
				CLANG_WARN_SUSPICIOUS_MOVE = YES;
				CLANG_WARN_UNGUARDED_AVAILABILITY = YES_AGGRESSIVE;
				CLANG_WARN_UNREACHABLE_CODE = YES;
				CLANG_WARN__DUPLICATE_METHOD_MATCH = YES;
				COPY_PHASE_STRIP = NO;
				DEBUG_INFORMATION_FORMAT = dwarf;
				ENABLE_STRICT_OBJC_MSGSEND = YES;
				ENABLE_TESTABILITY = YES;
				GCC_C_LANGUAGE_STANDARD = gnu11;
				GCC_DYNAMIC_NO_PIC = NO;
				GCC_NO_COMMON_BLOCKS = YES;
				GCC_OPTIMIZATION_LEVEL = 0;
				GCC_PREPROCESSOR_DEFINITIONS = (
					"DEBUG=1",
					"$(inherited)",
				);
				GCC_WARN_64_TO_32_BIT_CONVERSION = YES;
				GCC_WARN_ABOUT_RETURN_TYPE = YES_ERROR;
				GCC_WARN_UNDECLARED_SELECTOR = YES;
				GCC_WARN_UNINITIALIZED_AUTOS = YES_AGGRESSIVE;
				GCC_WARN_UNUSED_FUNCTION = YES;
				GCC_WARN_UNUSED_VARIABLE = YES;
				IPHONEOS_DEPLOYMENT_TARGET = 15.4;
				MTL_ENABLE_DEBUG_INFO = INCLUDE_SOURCE;
				MTL_FAST_MATH = YES;
				ONLY_ACTIVE_ARCH = YES;
				SDKROOT = iphoneos;
				SWIFT_ACTIVE_COMPILATION_CONDITIONS = DEBUG;
				SWIFT_OPTIMIZATION_LEVEL = "-Onone";
			};
			name = Debug;
		};
		8197F1DE280DBCCD00E81151 /* Release */ = {
			isa = XCBuildConfiguration;
			buildSettings = {
				ALWAYS_SEARCH_USER_PATHS = NO;
				CLANG_ANALYZER_NONNULL = YES;
				CLANG_ANALYZER_NUMBER_OBJECT_CONVERSION = YES_AGGRESSIVE;
				CLANG_CXX_LANGUAGE_STANDARD = "gnu++17";
				CLANG_ENABLE_MODULES = YES;
				CLANG_ENABLE_OBJC_ARC = YES;
				CLANG_ENABLE_OBJC_WEAK = YES;
				CLANG_WARN_BLOCK_CAPTURE_AUTORELEASING = YES;
				CLANG_WARN_BOOL_CONVERSION = YES;
				CLANG_WARN_COMMA = YES;
				CLANG_WARN_CONSTANT_CONVERSION = YES;
				CLANG_WARN_DEPRECATED_OBJC_IMPLEMENTATIONS = YES;
				CLANG_WARN_DIRECT_OBJC_ISA_USAGE = YES_ERROR;
				CLANG_WARN_DOCUMENTATION_COMMENTS = YES;
				CLANG_WARN_EMPTY_BODY = YES;
				CLANG_WARN_ENUM_CONVERSION = YES;
				CLANG_WARN_INFINITE_RECURSION = YES;
				CLANG_WARN_INT_CONVERSION = YES;
				CLANG_WARN_NON_LITERAL_NULL_CONVERSION = YES;
				CLANG_WARN_OBJC_IMPLICIT_RETAIN_SELF = YES;
				CLANG_WARN_OBJC_LITERAL_CONVERSION = YES;
				CLANG_WARN_OBJC_ROOT_CLASS = YES_ERROR;
				CLANG_WARN_QUOTED_INCLUDE_IN_FRAMEWORK_HEADER = YES;
				CLANG_WARN_RANGE_LOOP_ANALYSIS = YES;
				CLANG_WARN_STRICT_PROTOTYPES = YES;
				CLANG_WARN_SUSPICIOUS_MOVE = YES;
				CLANG_WARN_UNGUARDED_AVAILABILITY = YES_AGGRESSIVE;
				CLANG_WARN_UNREACHABLE_CODE = YES;
				CLANG_WARN__DUPLICATE_METHOD_MATCH = YES;
				COPY_PHASE_STRIP = NO;
				DEBUG_INFORMATION_FORMAT = "dwarf-with-dsym";
				ENABLE_NS_ASSERTIONS = NO;
				ENABLE_STRICT_OBJC_MSGSEND = YES;
				GCC_C_LANGUAGE_STANDARD = gnu11;
				GCC_NO_COMMON_BLOCKS = YES;
				GCC_WARN_64_TO_32_BIT_CONVERSION = YES;
				GCC_WARN_ABOUT_RETURN_TYPE = YES_ERROR;
				GCC_WARN_UNDECLARED_SELECTOR = YES;
				GCC_WARN_UNINITIALIZED_AUTOS = YES_AGGRESSIVE;
				GCC_WARN_UNUSED_FUNCTION = YES;
				GCC_WARN_UNUSED_VARIABLE = YES;
				IPHONEOS_DEPLOYMENT_TARGET = 15.4;
				MTL_ENABLE_DEBUG_INFO = NO;
				MTL_FAST_MATH = YES;
				SDKROOT = iphoneos;
				SWIFT_COMPILATION_MODE = wholemodule;
				SWIFT_OPTIMIZATION_LEVEL = "-O";
				VALIDATE_PRODUCT = YES;
			};
			name = Release;
		};
		8197F1E0280DBCCD00E81151 /* Debug */ = {
			isa = XCBuildConfiguration;
			buildSettings = {
				ASSETCATALOG_COMPILER_APPICON_NAME = AppIcon;
				ASSETCATALOG_COMPILER_GLOBAL_ACCENT_COLOR_NAME = AccentColor;
				CODE_SIGN_STYLE = Automatic;
				CURRENT_PROJECT_VERSION = 1;
				DEVELOPMENT_ASSET_PATHS = "\"DiceRolling/Preview Content\"";
				DEVELOPMENT_TEAM = 8RKLM75R2Q;
				ENABLE_PREVIEWS = YES;
				GENERATE_INFOPLIST_FILE = YES;
				INFOPLIST_KEY_UIApplicationSceneManifest_Generation = YES;
				INFOPLIST_KEY_UIApplicationSupportsIndirectInputEvents = YES;
				INFOPLIST_KEY_UILaunchScreen_Generation = YES;
				INFOPLIST_KEY_UISupportedInterfaceOrientations_iPad = "UIInterfaceOrientationPortrait UIInterfaceOrientationPortraitUpsideDown UIInterfaceOrientationLandscapeLeft UIInterfaceOrientationLandscapeRight";
				INFOPLIST_KEY_UISupportedInterfaceOrientations_iPhone = UIInterfaceOrientationPortrait;
				LD_RUNPATH_SEARCH_PATHS = (
					"$(inherited)",
					"@executable_path/Frameworks",
				);
				MARKETING_VERSION = 1.0;
				PRODUCT_BUNDLE_IDENTIFIER = com.andresraigoza.DiceRolling;
				PRODUCT_NAME = "$(TARGET_NAME)";
				SWIFT_EMIT_LOC_STRINGS = YES;
				SWIFT_VERSION = 5.0;
				TARGETED_DEVICE_FAMILY = "1,2";
			};
			name = Debug;
		};
		8197F1E1280DBCCD00E81151 /* Release */ = {
			isa = XCBuildConfiguration;
			buildSettings = {
				ASSETCATALOG_COMPILER_APPICON_NAME = AppIcon;
				ASSETCATALOG_COMPILER_GLOBAL_ACCENT_COLOR_NAME = AccentColor;
				CODE_SIGN_STYLE = Automatic;
				CURRENT_PROJECT_VERSION = 1;
				DEVELOPMENT_ASSET_PATHS = "\"DiceRolling/Preview Content\"";
				DEVELOPMENT_TEAM = 8RKLM75R2Q;
				ENABLE_PREVIEWS = YES;
				GENERATE_INFOPLIST_FILE = YES;
				INFOPLIST_KEY_UIApplicationSceneManifest_Generation = YES;
				INFOPLIST_KEY_UIApplicationSupportsIndirectInputEvents = YES;
				INFOPLIST_KEY_UILaunchScreen_Generation = YES;
				INFOPLIST_KEY_UISupportedInterfaceOrientations_iPad = "UIInterfaceOrientationPortrait UIInterfaceOrientationPortraitUpsideDown UIInterfaceOrientationLandscapeLeft UIInterfaceOrientationLandscapeRight";
				INFOPLIST_KEY_UISupportedInterfaceOrientations_iPhone = UIInterfaceOrientationPortrait;
				LD_RUNPATH_SEARCH_PATHS = (
					"$(inherited)",
					"@executable_path/Frameworks",
				);
				MARKETING_VERSION = 1.0;
				PRODUCT_BUNDLE_IDENTIFIER = com.andresraigoza.DiceRolling;
				PRODUCT_NAME = "$(TARGET_NAME)";
				SWIFT_EMIT_LOC_STRINGS = YES;
				SWIFT_VERSION = 5.0;
				TARGETED_DEVICE_FAMILY = "1,2";
			};
			name = Release;
		};
/* End XCBuildConfiguration section */

/* Begin XCConfigurationList section */
		8197F1CC280DBCCB00E81151 /* Build configuration list for PBXProject "DiceRolling" */ = {
			isa = XCConfigurationList;
			buildConfigurations = (
				8197F1DD280DBCCD00E81151 /* Debug */,
				8197F1DE280DBCCD00E81151 /* Release */,
			);
			defaultConfigurationIsVisible = 0;
			defaultConfigurationName = Release;
		};
		8197F1DF280DBCCD00E81151 /* Build configuration list for PBXNativeTarget "DiceRolling" */ = {
			isa = XCConfigurationList;
			buildConfigurations = (
				8197F1E0280DBCCD00E81151 /* Debug */,
				8197F1E1280DBCCD00E81151 /* Release */,
			);
			defaultConfigurationIsVisible = 0;
			defaultConfigurationName = Release;
		};
/* End XCConfigurationList section */
	};
	rootObject = 8197F1C9280DBCCB00E81151 /* Project object */;
}
